// !$*UTF8*$!
{
	archiveVersion = 1;
	classes = {
	};
	objectVersion = 50;
	objects = {

/* Begin PBXBuildFile section */
		9A456F86246B3EA700AA90D7 /* AppDelegate.m in Sources */ = {isa = PBXBuildFile; fileRef = 9A456F85246B3EA700AA90D7 /* AppDelegate.m */; };
		9A456F88246B3EA800AA90D7 /* Assets.xcassets in Resources */ = {isa = PBXBuildFile; fileRef = 9A456F87246B3EA800AA90D7 /* Assets.xcassets */; };
		9A456F8B246B3EA900AA90D7 /* MainMenu.xib in Resources */ = {isa = PBXBuildFile; fileRef = 9A456F89246B3EA900AA90D7 /* MainMenu.xib */; };
		9A456F8E246B3EA900AA90D7 /* main.m in Sources */ = {isa = PBXBuildFile; fileRef = 9A456F8D246B3EA900AA90D7 /* main.m */; };
		9A456F97246B3ECF00AA90D7 /* ipc.c in Sources */ = {isa = PBXBuildFile; fileRef = 9A456F96246B3ECF00AA90D7 /* ipc.c */; settings = {COMPILER_FLAGS = "-I/usr/local/include"; }; };
		9A456F99246B406A00AA90D7 /* AM2Discord.scpt in Resources */ = {isa = PBXBuildFile; fileRef = 9A456F98246B406A00AA90D7 /* AM2Discord.scpt */; };
/* End PBXBuildFile section */

/* Begin PBXFileReference section */
		9A456F81246B3EA700AA90D7 /* AM2Discord.app */ = {isa = PBXFileReference; explicitFileType = wrapper.application; includeInIndex = 0; path = AM2Discord.app; sourceTree = BUILT_PRODUCTS_DIR; };
		9A456F84246B3EA700AA90D7 /* AppDelegate.h */ = {isa = PBXFileReference; lastKnownFileType = sourcecode.c.h; path = AppDelegate.h; sourceTree = "<group>"; };
		9A456F85246B3EA700AA90D7 /* AppDelegate.m */ = {isa = PBXFileReference; lastKnownFileType = sourcecode.c.objc; path = AppDelegate.m; sourceTree = "<group>"; };
		9A456F87246B3EA800AA90D7 /* Assets.xcassets */ = {isa = PBXFileReference; lastKnownFileType = folder.assetcatalog; path = Assets.xcassets; sourceTree = "<group>"; };
		9A456F8A246B3EA900AA90D7 /* Base */ = {isa = PBXFileReference; lastKnownFileType = file.xib; name = Base; path = Base.lproj/MainMenu.xib; sourceTree = "<group>"; };
		9A456F8C246B3EA900AA90D7 /* Info.plist */ = {isa = PBXFileReference; lastKnownFileType = text.plist.xml; path = Info.plist; sourceTree = "<group>"; };
		9A456F8D246B3EA900AA90D7 /* main.m */ = {isa = PBXFileReference; lastKnownFileType = sourcecode.c.objc; path = main.m; sourceTree = "<group>"; };
		9A456F8F246B3EA900AA90D7 /* AM2Discord.entitlements */ = {isa = PBXFileReference; lastKnownFileType = text.plist.entitlements; path = AM2Discord.entitlements; sourceTree = "<group>"; };
		9A456F95246B3ECF00AA90D7 /* ipc.h */ = {isa = PBXFileReference; lastKnownFileType = sourcecode.c.h; path = ipc.h; sourceTree = "<group>"; };
		9A456F96246B3ECF00AA90D7 /* ipc.c */ = {isa = PBXFileReference; lastKnownFileType = sourcecode.c.c; path = ipc.c; sourceTree = "<group>"; };
		9A456F98246B406A00AA90D7 /* AM2Discord.scpt */ = {isa = PBXFileReference; lastKnownFileType = file; name = AM2Discord.scpt; path = ../../../applescripts/AM2Discord.scpt; sourceTree = "<group>"; };
/* End PBXFileReference section */

/* Begin PBXFrameworksBuildPhase section */
		9A456F7E246B3EA700AA90D7 /* Frameworks */ = {
			isa = PBXFrameworksBuildPhase;
			buildActionMask = 2147483647;
			files = (
			);
			runOnlyForDeploymentPostprocessing = 0;
		};
/* End PBXFrameworksBuildPhase section */

/* Begin PBXGroup section */
		9A456F78246B3EA700AA90D7 = {
			isa = PBXGroup;
			children = (
				9A456F83246B3EA700AA90D7 /* AM2Discord */,
				9A456F82246B3EA700AA90D7 /* Products */,
			);
			sourceTree = "<group>";
		};
		9A456F82246B3EA700AA90D7 /* Products */ = {
			isa = PBXGroup;
			children = (
				9A456F81246B3EA700AA90D7 /* AM2Discord.app */,
			);
			name = Products;
			sourceTree = "<group>";
		};
		9A456F83246B3EA700AA90D7 /* AM2Discord */ = {
			isa = PBXGroup;
			children = (
				9A456F98246B406A00AA90D7 /* AM2Discord.scpt */,
				9A456F84246B3EA700AA90D7 /* AppDelegate.h */,
				9A456F85246B3EA700AA90D7 /* AppDelegate.m */,
				9A456F87246B3EA800AA90D7 /* Assets.xcassets */,
				9A456F89246B3EA900AA90D7 /* MainMenu.xib */,
				9A456F8C246B3EA900AA90D7 /* Info.plist */,
				9A456F8D246B3EA900AA90D7 /* main.m */,
				9A456F8F246B3EA900AA90D7 /* AM2Discord.entitlements */,
				9A456F95246B3ECF00AA90D7 /* ipc.h */,
				9A456F96246B3ECF00AA90D7 /* ipc.c */,
			);
			path = AM2Discord;
			sourceTree = "<group>";
		};
/* End PBXGroup section */

/* Begin PBXNativeTarget section */
		9A456F80246B3EA700AA90D7 /* AM2Discord */ = {
			isa = PBXNativeTarget;
			buildConfigurationList = 9A456F92246B3EA900AA90D7 /* Build configuration list for PBXNativeTarget "AM2Discord" */;
			buildPhases = (
				9A456F7D246B3EA700AA90D7 /* Sources */,
				9A456F7E246B3EA700AA90D7 /* Frameworks */,
				9A456F7F246B3EA700AA90D7 /* Resources */,
			);
			buildRules = (
			);
			dependencies = (
			);
			name = AM2Discord;
			productName = AM2Discord;
			productReference = 9A456F81246B3EA700AA90D7 /* AM2Discord.app */;
			productType = "com.apple.product-type.application";
		};
/* End PBXNativeTarget section */

/* Begin PBXProject section */
		9A456F79246B3EA700AA90D7 /* Project object */ = {
			isa = PBXProject;
			attributes = {
				LastUpgradeCheck = 1130;
				TargetAttributes = {
					9A456F80246B3EA700AA90D7 = {
						CreatedOnToolsVersion = 11.3.1;
					};
				};
			};
			buildConfigurationList = 9A456F7C246B3EA700AA90D7 /* Build configuration list for PBXProject "AM2Discord" */;
			compatibilityVersion = "Xcode 9.3";
			developmentRegion = en;
			hasScannedForEncodings = 0;
			knownRegions = (
				en,
				Base,
			);
			mainGroup = 9A456F78246B3EA700AA90D7;
			productRefGroup = 9A456F82246B3EA700AA90D7 /* Products */;
			projectDirPath = "";
			projectRoot = "";
			targets = (
				9A456F80246B3EA700AA90D7 /* AM2Discord */,
			);
		};
/* End PBXProject section */

/* Begin PBXResourcesBuildPhase section */
		9A456F7F246B3EA700AA90D7 /* Resources */ = {
			isa = PBXResourcesBuildPhase;
			buildActionMask = 2147483647;
			files = (
				9A456F88246B3EA800AA90D7 /* Assets.xcassets in Resources */,
				9A456F99246B406A00AA90D7 /* AM2Discord.scpt in Resources */,
				9A456F8B246B3EA900AA90D7 /* MainMenu.xib in Resources */,
			);
			runOnlyForDeploymentPostprocessing = 0;
		};
/* End PBXResourcesBuildPhase section */

/* Begin PBXSourcesBuildPhase section */
		9A456F7D246B3EA700AA90D7 /* Sources */ = {
			isa = PBXSourcesBuildPhase;
			buildActionMask = 2147483647;
			files = (
				9A456F97246B3ECF00AA90D7 /* ipc.c in Sources */,
				9A456F8E246B3EA900AA90D7 /* main.m in Sources */,
				9A456F86246B3EA700AA90D7 /* AppDelegate.m in Sources */,
			);
			runOnlyForDeploymentPostprocessing = 0;
		};
/* End PBXSourcesBuildPhase section */

/* Begin PBXVariantGroup section */
		9A456F89246B3EA900AA90D7 /* MainMenu.xib */ = {
			isa = PBXVariantGroup;
			children = (
				9A456F8A246B3EA900AA90D7 /* Base */,
			);
			name = MainMenu.xib;
			sourceTree = "<group>";
		};
/* End PBXVariantGroup section */

/* Begin XCBuildConfiguration section */
		9A456F90246B3EA900AA90D7 /* Debug */ = {
			isa = XCBuildConfiguration;
			buildSettings = {
				ALWAYS_SEARCH_USER_PATHS = NO;
				CLANG_ANALYZER_NONNULL = YES;
				CLANG_ANALYZER_NUMBER_OBJECT_CONVERSION = YES_AGGRESSIVE;
				CLANG_CXX_LANGUAGE_STANDARD = "gnu++14";
				CLANG_CXX_LIBRARY = "libc++";
				CLANG_ENABLE_MODULES = YES;
				CLANG_ENABLE_OBJC_ARC = YES;
				CLANG_ENABLE_OBJC_WEAK = YES;
				CLANG_WARN_BLOCK_CAPTURE_AUTORELEASING = YES;
				CLANG_WARN_BOOL_CONVERSION = YES;
				CLANG_WARN_COMMA = YES;
				CLANG_WARN_CONSTANT_CONVERSION = YES;
				CLANG_WARN_DEPRECATED_OBJC_IMPLEMENTATIONS = YES;
				CLANG_WARN_DIRECT_OBJC_ISA_USAGE = YES_ERROR;
				CLANG_WARN_DOCUMENTATION_COMMENTS = NO;
				CLANG_WARN_EMPTY_BODY = YES;
				CLANG_WARN_ENUM_CONVERSION = YES;
				CLANG_WARN_INFINITE_RECURSION = YES;
				CLANG_WARN_INT_CONVERSION = YES;
				CLANG_WARN_NON_LITERAL_NULL_CONVERSION = YES;
				CLANG_WARN_OBJC_IMPLICIT_RETAIN_SELF = YES;
				CLANG_WARN_OBJC_LITERAL_CONVERSION = YES;
				CLANG_WARN_OBJC_ROOT_CLASS = YES_ERROR;
				CLANG_WARN_RANGE_LOOP_ANALYSIS = YES;
				CLANG_WARN_STRICT_PROTOTYPES = YES;
				CLANG_WARN_SUSPICIOUS_MOVE = YES;
				CLANG_WARN_UNGUARDED_AVAILABILITY = YES_AGGRESSIVE;
				CLANG_WARN_UNREACHABLE_CODE = YES;
				CLANG_WARN__DUPLICATE_METHOD_MATCH = YES;
				COPY_PHASE_STRIP = NO;
				DEBUG_INFORMATION_FORMAT = dwarf;
				ENABLE_STRICT_OBJC_MSGSEND = YES;
				ENABLE_TESTABILITY = YES;
				GCC_C_LANGUAGE_STANDARD = gnu11;
				GCC_DYNAMIC_NO_PIC = NO;
				GCC_NO_COMMON_BLOCKS = YES;
				GCC_OPTIMIZATION_LEVEL = 0;
				GCC_PREPROCESSOR_DEFINITIONS = (
					"DEBUG=1",
					"$(inherited)",
				);
				GCC_WARN_64_TO_32_BIT_CONVERSION = YES;
				GCC_WARN_ABOUT_RETURN_TYPE = YES_ERROR;
				GCC_WARN_UNDECLARED_SELECTOR = YES;
				GCC_WARN_UNINITIALIZED_AUTOS = YES_AGGRESSIVE;
				GCC_WARN_UNUSED_FUNCTION = YES;
				GCC_WARN_UNUSED_VARIABLE = YES;
				MACOSX_DEPLOYMENT_TARGET = 10.15;
				MTL_ENABLE_DEBUG_INFO = INCLUDE_SOURCE;
				MTL_FAST_MATH = YES;
				ONLY_ACTIVE_ARCH = YES;
				SDKROOT = macosx;
			};
			name = Debug;
		};
		9A456F91246B3EA900AA90D7 /* Release */ = {
			isa = XCBuildConfiguration;
			buildSettings = {
				ALWAYS_SEARCH_USER_PATHS = NO;
				CLANG_ANALYZER_NONNULL = YES;
				CLANG_ANALYZER_NUMBER_OBJECT_CONVERSION = YES_AGGRESSIVE;
				CLANG_CXX_LANGUAGE_STANDARD = "gnu++14";
				CLANG_CXX_LIBRARY = "libc++";
				CLANG_ENABLE_MODULES = YES;
				CLANG_ENABLE_OBJC_ARC = YES;
				CLANG_ENABLE_OBJC_WEAK = YES;
				CLANG_WARN_BLOCK_CAPTURE_AUTORELEASING = YES;
				CLANG_WARN_BOOL_CONVERSION = YES;
				CLANG_WARN_COMMA = YES;
				CLANG_WARN_CONSTANT_CONVERSION = YES;
				CLANG_WARN_DEPRECATED_OBJC_IMPLEMENTATIONS = YES;
				CLANG_WARN_DIRECT_OBJC_ISA_USAGE = YES_ERROR;
				CLANG_WARN_DOCUMENTATION_COMMENTS = NO;
				CLANG_WARN_EMPTY_BODY = YES;
				CLANG_WARN_ENUM_CONVERSION = YES;
				CLANG_WARN_INFINITE_RECURSION = YES;
				CLANG_WARN_INT_CONVERSION = YES;
				CLANG_WARN_NON_LITERAL_NULL_CONVERSION = YES;
				CLANG_WARN_OBJC_IMPLICIT_RETAIN_SELF = YES;
				CLANG_WARN_OBJC_LITERAL_CONVERSION = YES;
				CLANG_WARN_OBJC_ROOT_CLASS = YES_ERROR;
				CLANG_WARN_RANGE_LOOP_ANALYSIS = YES;
				CLANG_WARN_STRICT_PROTOTYPES = YES;
				CLANG_WARN_SUSPICIOUS_MOVE = YES;
				CLANG_WARN_UNGUARDED_AVAILABILITY = YES_AGGRESSIVE;
				CLANG_WARN_UNREACHABLE_CODE = YES;
				CLANG_WARN__DUPLICATE_METHOD_MATCH = YES;
				COPY_PHASE_STRIP = NO;
				DEBUG_INFORMATION_FORMAT = "dwarf-with-dsym";
				ENABLE_NS_ASSERTIONS = NO;
				ENABLE_STRICT_OBJC_MSGSEND = YES;
				GCC_C_LANGUAGE_STANDARD = gnu11;
				GCC_NO_COMMON_BLOCKS = YES;
				GCC_WARN_64_TO_32_BIT_CONVERSION = YES;
				GCC_WARN_ABOUT_RETURN_TYPE = YES_ERROR;
				GCC_WARN_UNDECLARED_SELECTOR = YES;
				GCC_WARN_UNINITIALIZED_AUTOS = YES_AGGRESSIVE;
				GCC_WARN_UNUSED_FUNCTION = YES;
				GCC_WARN_UNUSED_VARIABLE = YES;
				MACOSX_DEPLOYMENT_TARGET = 10.15;
				MTL_ENABLE_DEBUG_INFO = NO;
				MTL_FAST_MATH = YES;
				SDKROOT = macosx;
			};
			name = Release;
		};
		9A456F93246B3EA900AA90D7 /* Debug */ = {
			isa = XCBuildConfiguration;
			buildSettings = {
				ASSETCATALOG_COMPILER_APPICON_NAME = AppIcon;
				CODE_SIGN_ENTITLEMENTS = AM2Discord/AM2Discord.entitlements;
				CODE_SIGN_STYLE = Automatic;
				COMBINE_HIDPI_IMAGES = YES;
				INFOPLIST_FILE = AM2Discord/Info.plist;
				LD_RUNPATH_SEARCH_PATHS = (
					"$(inherited)",
					"@executable_path/../Frameworks",
				);
				OTHER_LDFLAGS = (
					"-I/usr/local/include",
					"-L/usr/local/lib",
					"-ljson-c",
				);
				PRODUCT_BUNDLE_IDENTIFIER = "peterc-rit.AM2Discord";
				PRODUCT_NAME = "$(TARGET_NAME)";
			};
			name = Debug;
		};
		9A456F94246B3EA900AA90D7 /* Release */ = {
			isa = XCBuildConfiguration;
			buildSettings = {
				ASSETCATALOG_COMPILER_APPICON_NAME = AppIcon;
				CODE_SIGN_ENTITLEMENTS = AM2Discord/AM2Discord.entitlements;
				CODE_SIGN_STYLE = Automatic;
				COMBINE_HIDPI_IMAGES = YES;
				INFOPLIST_FILE = AM2Discord/Info.plist;
				LD_RUNPATH_SEARCH_PATHS = (
					"$(inherited)",
					"@executable_path/../Frameworks",
				);
				OTHER_LDFLAGS = (
					"-I/usr/local/include",
					"-L/usr/local/lib",
					"-ljson-c",
				);
				PRODUCT_BUNDLE_IDENTIFIER = "peterc-rit.AM2Discord";
				PRODUCT_NAME = "$(TARGET_NAME)";
			};
			name = Release;
		};
/* End XCBuildConfiguration section */

/* Begin XCConfigurationList section */
		9A456F7C246B3EA700AA90D7 /* Build configuration list for PBXProject "AM2Discord" */ = {
			isa = XCConfigurationList;
			buildConfigurations = (
				9A456F90246B3EA900AA90D7 /* Debug */,
				9A456F91246B3EA900AA90D7 /* Release */,
			);
			defaultConfigurationIsVisible = 0;
			defaultConfigurationName = Release;
		};
		9A456F92246B3EA900AA90D7 /* Build configuration list for PBXNativeTarget "AM2Discord" */ = {
			isa = XCConfigurationList;
			buildConfigurations = (
				9A456F93246B3EA900AA90D7 /* Debug */,
				9A456F94246B3EA900AA90D7 /* Release */,
			);
			defaultConfigurationIsVisible = 0;
			defaultConfigurationName = Release;
		};
/* End XCConfigurationList section */
	};
	rootObject = 9A456F79246B3EA700AA90D7 /* Project object */;
}
